
Microsoft Visual Studio Solution File, Format Version 12.00
# Visual Studio Version 17
VisualStudioVersion = 17.5.33103.201
MinimumVisualStudioVersion = 10.0.40219.1
Project("{FAE04EC0-301F-11D3-BF4B-00C04F79EFBC}") = "GenericFilterCase", "GenericFilterCase.csproj", "{62DB1BA2-14ED-4517-B072-30243E7BDCCA}"
EndProject
Global
	GlobalSection(SolutionConfigurationPlatforms) = preSolution
		Debug|Any CPU = Debug|Any CPU
		Release|Any CPU = Release|Any CPU
	EndGlobalSection
	GlobalSection(ProjectConfigurationPlatforms) = postSolution
		{62DB1BA2-14ED-4517-B072-30243E7BDCCA}.Debug|Any CPU.ActiveCfg = Debug|Any CPU
		{62DB1BA2-14ED-4517-B072-30243E7BDCCA}.Debug|Any CPU.Build.0 = Debug|Any CPU
		{62DB1BA2-14ED-4517-B072-30243E7BDCCA}.Release|Any CPU.ActiveCfg = Release|Any CPU
		{62DB1BA2-14ED-4517-B072-30243E7BDCCA}.Release|Any CPU.Build.0 = Release|Any CPU
	EndGlobalSection
	GlobalSection(SolutionProperties) = preSolution
		HideSolutionNode = FALSE
	EndGlobalSection
	GlobalSection(ExtensibilityGlobals) = postSolution
		SolutionGuid = {62362547-4F5B-477A-9F6B-096FD4DA0420}
	EndGlobalSection
EndGlobal
